{
    "_meta": {
        "hash": {
            "sha256": "797a23d5872117d2f28a5873618b1f8a9fa774a53aa2f1f319891aa8013aefdb"
        },
        "pipfile-spec": 6,
        "requires": {
            "python_version": "3.11"
        },
        "sources": [
            {
                "name": "pypi",
                "url": "https://pypi.org/simple",
                "verify_ssl": true
            }
        ]
    },
    "default": {
        "plyer": {
            "hashes": [
                "sha256:1b1772060df8b3045ed4f08231690ec8f7de30f5a004aa1724665a9074eed113",
                "sha256:65b7dfb7e11e07af37a8487eb2aa69524276ef70dad500b07228ce64736baa61"
            ],
            "index": "pypi",
            "version": "==2.1.0"
        }
    },
    "develop": {}
}
